Microsoft Visual Studio Solution File, Format Version 12.00
# Visual Studio Version 17
VisualStudioVersion = 17.0.31903.59
MinimumVisualStudioVersion = 10.0.40219.1
Project("{FAE04EC0-301F-11D3-BF4B-00C04F79EFBC}") = "WpfInspectorMcp", "src\WpfInspectorMcp\WpfInspectorMcp.csproj", "{83B090BD-F56D-4899-8D7F-EE47CFE188C0}"
EndProject
Project("{FAE04EC0-301F-11D3-BF4B-00C04F79EFBC}") = "WpfInspector.Agent", "src\WpfInspector.Agent\WpfInspector.Agent.csproj", "{AC646818-FDA2-4C37-AAF6-1EE7E39BDE3B}"
EndProject
Project("{FAE04EC0-301F-11D3-BF4B-00C04F79EFBC}") = "SampleWpfApp", "samples\SampleWpfApp\SampleWpfApp.csproj", "{4742491C-98A8-43BA-9861-68936FF7D755}"
EndProject
Project("{FAE04EC0-301F-11D3-BF4B-00C04F79EFBC}") = "WpfInspectorMcp.Tests", "tests\WpfInspectorMcp.Tests\WpfInspectorMcp.Tests.csproj", "{C44959EE-7BD8-44A5-8BFA-1B05FB23267E}"
EndProject
Global
	GlobalSection(SolutionConfigurationPlatforms) = preSolution
		Debug|Any CPU = Debug|Any CPU
		Release|Any CPU = Release|Any CPU
	EndGlobalSection
	GlobalSection(ProjectConfigurationPlatforms) = postSolution
		{83B090BD-F56D-4899-8D7F-EE47CFE188C0}.Debug|Any CPU.ActiveCfg = Debug|Any CPU
		{83B090BD-F56D-4899-8D7F-EE47CFE188C0}.Debug|Any CPU.Build.0 = Debug|Any CPU
		{83B090BD-F56D-4899-8D7F-EE47CFE188C0}.Release|Any CPU.ActiveCfg = Release|Any CPU
		{83B090BD-F56D-4899-8D7F-EE47CFE188C0}.Release|Any CPU.Build.0 = Release|Any CPU
		{AC646818-FDA2-4C37-AAF6-1EE7E39BDE3B}.Debug|Any CPU.ActiveCfg = Debug|Any CPU
		{AC646818-FDA2-4C37-AAF6-1EE7E39BDE3B}.Debug|Any CPU.Build.0 = Debug|Any CPU
		{AC646818-FDA2-4C37-AAF6-1EE7E39BDE3B}.Release|Any CPU.ActiveCfg = Release|Any CPU
		{AC646818-FDA2-4C37-AAF6-1EE7E39BDE3B}.Release|Any CPU.Build.0 = Release|Any CPU
		{4742491C-98A8-43BA-9861-68936FF7D755}.Debug|Any CPU.ActiveCfg = Debug|Any CPU
		{4742491C-98A8-43BA-9861-68936FF7D755}.Debug|Any CPU.Build.0 = Debug|Any CPU
		{4742491C-98A8-43BA-9861-68936FF7D755}.Release|Any CPU.ActiveCfg = Release|Any CPU
		{4742491C-98A8-43BA-9861-68936FF7D755}.Release|Any CPU.Build.0 = Release|Any CPU
		{C44959EE-7BD8-44A5-8BFA-1B05FB23267E}.Debug|Any CPU.ActiveCfg = Debug|Any CPU
		{C44959EE-7BD8-44A5-8BFA-1B05FB23267E}.Debug|Any CPU.Build.0 = Debug|Any CPU
		{C44959EE-7BD8-44A5-8BFA-1B05FB23267E}.Release|Any CPU.ActiveCfg = Release|Any CPU
		{C44959EE-7BD8-44A5-8BFA-1B05FB23267E}.Release|Any CPU.Build.0 = Release|Any CPU
	EndGlobalSection
EndGlobal
